<?xml version="1.0" encoding="utf-8"?>
<Project ToolsVersion="4.0" xmlns="http://schemas.microsoft.com/developer/msbuild/2003">
  <ItemGroup>
    <Filter Include="Source Files">
      <UniqueIdentifier>{4FC737F1-C7A5-4376-A066-2A32D752A2FF}</UniqueIdentifier>
      <Extensions>cpp;c;cc;cxx;def;odl;idl;hpj;bat;asm;asmx</Extensions>
    </Filter>
    <Filter Include="Header Files">
      <UniqueIdentifier>{93995380-89BD-4b04-88EB-625FBE52EBFB}</UniqueIdentifier>
      <Extensions>h;hh;hpp;hxx;hm;inl;inc;xsd</Extensions>
    </Filter>
    <Filter Include="Resource Files">
      <UniqueIdentifier>{67DA6AB6-F800-4c08-8B7A-83BB121AAD01}</UniqueIdentifier>
      <Extensions>rc;ico;cur;bmp;dlg;rc2;rct;bin;rgs;gif;jpg;jpeg;jpe;resx;tiff;tif;png;wav;mfcribbon-ms</Extensions>
    </Filter>
    <Filter Include="Source Files\core">
      <UniqueIdentifier>{682064a2-9b1a-4609-a5c3-65783c35dd3c}</UniqueIdentifier>
    </Filter>
    <Filter Include="Header Files\core">
      <UniqueIdentifier>{7027bd19-1ee3-436a-95cf-0e46108cd7cc}</UniqueIdentifier>
    </Filter>
    <Filter Include="Header Files\debug">
      <UniqueIdentifier>{0dab1bcf-f1d0-4ece-99d8-2a66f61e3525}</UniqueIdentifier>
    </Filter>
    <Filter Include="Source Files\debug">
      <UniqueIdentifier>{b8a25eed-f08f-4ea3-a783-469b6303a769}</UniqueIdentifier>
    </Filter>
    <Filter Include="Header Files\graphics">
      <UniqueIdentifier>{04f62935-f778-4530-bc53-f2902a871ef5}</UniqueIdentifier>
    </Filter>
    <Filter Include="Source Files\graphics">
      <UniqueIdentifier>{adcf8b4b-3560-4be9-9842-556d5b7b5236}</UniqueIdentifier>
    </Filter>
    <Filter Include="Source Files\utilities">
      <UniqueIdentifier>{b512e158-f79c-462a-a558-33921a160708}</UniqueIdentifier>
    </Filter>
    <Filter Include="Header Files\utilities">
      <UniqueIdentifier>{aaa52a35-2f5f-4384-a31b-643c67fa0a35}</UniqueIdentifier>
    </Filter>
  </ItemGroup>
  <ItemGroup>
    <ClCompile Include="src\Main.cpp">
      <Filter>Source Files</Filter>
    </ClCompile>
    <ClCompile Include="src\stdafx.cpp">
      <Filter>Source Files</Filter>
    </ClCompile>
    <ClCompile Include="src\debug\Debug.cpp">
      <Filter>Source Files\debug</Filter>
    </ClCompile>
    <ClCompile Include="src\graphics\Window.cpp">
      <Filter>Source Files\graphics</Filter>
    </ClCompile>
    <ClCompile Include="src\core\glfw.cpp">
      <Filter>Source Files\core</Filter>
    </ClCompile>
    <ClCompile Include="src\Input.cpp">
      <Filter>Source Files</Filter>
    </ClCompile>
    <ClCompile Include="src\KeyCode.cpp">
      <Filter>Source Files</Filter>
    </ClCompile>
    <ClCompile Include="src\Application.cpp">
      <Filter>Source Files</Filter>
    </ClCompile>
    <ClCompile Include="src\utilities\System.cpp">
      <Filter>Source Files\utilities</Filter>
    </ClCompile>
    <ClCompile Include="src\GameObject.cpp">
      <Filter>Source Files</Filter>
    </ClCompile>
    <ClCompile Include="src\core\Object.cpp">
      <Filter>Source Files\core</Filter>
    </ClCompile>
    <ClCompile Include="src\Component.cpp">
      <Filter>Source Files</Filter>
    </ClCompile>
    <ClCompile Include="src\core\Core.cpp">
      <Filter>Source Files\core</Filter>
    </ClCompile>
    <ClCompile Include="src\Transform.cpp">
      <Filter>Source Files</Filter>
    </ClCompile>
    <ClCompile Include="src\Scene.cpp">
      <Filter>Source Files</Filter>
    </ClCompile>
    <ClCompile Include="src\TestScene.cpp">
      <Filter>Source Files</Filter>
    </ClCompile>
    <ClCompile Include="src\utilities\Timer.cpp">
      <Filter>Source Files\utilities</Filter>
    </ClCompile>
    <ClCompile Include="src\graphics\Shader.cpp">
      <Filter>Source Files\graphics</Filter>
    </ClCompile>
    <ClCompile Include="src\graphics\opengl.cpp">
      <Filter>Source Files\graphics</Filter>
    </ClCompile>
    <ClCompile Include="src\graphics\ShaderUniform.cpp">
      <Filter>Source Files\graphics</Filter>
    </ClCompile>
    <ClCompile Include="src\utilities\File.cpp">
      <Filter>Source Files\utilities</Filter>
    </ClCompile>
    <ClCompile Include="src\core\String.cpp">
      <Filter>Source Files\core</Filter>
    </ClCompile>
    <ClCompile Include="src\graphics\ShaderType.cpp">
      <Filter>Source Files\graphics</Filter>
    </ClCompile>
    <ClCompile Include="src\graphics\Mesh.cpp">
      <Filter>Source Files\graphics</Filter>
    </ClCompile>
    <ClCompile Include="src\graphics\VertexBuffer.cpp">
      <Filter>Source Files\graphics</Filter>
    </ClCompile>
    <ClCompile Include="src\graphics\VertexArray.cpp">
      <Filter>Source Files\graphics</Filter>
    </ClCompile>
    <ClCompile Include="src\graphics\IndexBuffer.cpp">
      <Filter>Source Files\graphics</Filter>
    </ClCompile>
    <ClCompile Include="src\graphics\DrawType.cpp">
      <Filter>Source Files\graphics</Filter>
    </ClCompile>
    <ClCompile Include="src\graphics\Renderer.cpp">
      <Filter>Source Files\graphics</Filter>
    </ClCompile>
    <ClCompile Include="src\graphics\Material.cpp">
      <Filter>Source Files\graphics</Filter>
    </ClCompile>
    <ClCompile Include="src\utilities\WavefrontParser.cpp">
      <Filter>Source Files\utilities</Filter>
    </ClCompile>
    <ClCompile Include="src\utilities\ShaderParser.cpp">
      <Filter>Source Files\utilities</Filter>
    </ClCompile>
    <ClCompile Include="src\graphics\DefaultRenderer.cpp">
      <Filter>Source Files\graphics</Filter>
    </ClCompile>
    <ClCompile Include="src\graphics\BaseRenderer.cpp">
      <Filter>Source Files\graphics</Filter>
    </ClCompile>
    <ClCompile Include="src\graphics\Graphics.cpp">
      <Filter>Source Files\graphics</Filter>
    </ClCompile>
    <ClCompile Include="src\Resources.cpp">
      <Filter>Source Files</Filter>
    </ClCompile>
    <ClCompile Include="src\MeshRenderer.cpp">
      <Filter>Source Files</Filter>
    </ClCompile>
    <ClCompile Include="src\Camera.cpp">
      <Filter>Source Files</Filter>
    </ClCompile>
    <ClCompile Include="src\graphics\Graphics_Camera.cpp">
      <Filter>Source Files\graphics</Filter>
    </ClCompile>
    <ClCompile Include="src\CameraMovement.cpp">
      <Filter>Source Files</Filter>
    </ClCompile>
    <ClCompile Include="src\Engine_Time.cpp">
      <Filter>Source Files</Filter>
    </ClCompile>
    <ClCompile Include="src\graphics\Texture.cpp">
      <Filter>Source Files\graphics</Filter>
    </ClCompile>
    <ClCompile Include="src\graphics\Texture2D.cpp">
      <Filter>Source Files\graphics</Filter>
    </ClCompile>
    <ClCompile Include="src\graphics\TextureCube.cpp">
      <Filter>Source Files\graphics</Filter>
    </ClCompile>
    <ClCompile Include="src\graphics\TextureTypes.cpp">
      <Filter>Source Files\graphics</Filter>
    </ClCompile>
    <ClCompile Include="src\utilities\Image.cpp">
      <Filter>Source Files\utilities</Filter>
    </ClCompile>
    <ClCompile Include="src\Screen.cpp">
      <Filter>Source Files</Filter>
    </ClCompile>
    <ClCompile Include="src\Light.cpp">
      <Filter>Source Files</Filter>
    </ClCompile>
    <ClCompile Include="src\utilities\MeshProcessor.cpp">
      <Filter>Source Files\utilities</Filter>
    </ClCompile>
    <ClCompile Include="src\graphics\Skybox.cpp">
      <Filter>Source Files\graphics</Filter>
    </ClCompile>
  </ItemGroup>
  <ItemGroup>
    <ClInclude Include="src\stdafx.h">
      <Filter>Header Files</Filter>
    </ClInclude>
    <ClInclude Include="src\core\Context.h">
      <Filter>Header Files\core</Filter>
    </ClInclude>
    <ClInclude Include="src\debug\Debug.h">
      <Filter>Header Files\debug</Filter>
    </ClInclude>
    <ClInclude Include="src\graphics\Window.h">
      <Filter>Header Files\graphics</Filter>
    </ClInclude>
    <ClInclude Include="src\core\Types.h">
      <Filter>Header Files\core</Filter>
    </ClInclude>
    <ClInclude Include="src\core\glfw.h">
      <Filter>Header Files\core</Filter>
    </ClInclude>
    <ClInclude Include="src\Input.h">
      <Filter>Header Files</Filter>
    </ClInclude>
    <ClInclude Include="src\KeyCode.h">
      <Filter>Header Files</Filter>
    </ClInclude>
    <ClInclude Include="src\Application.h">
      <Filter>Header Files</Filter>
    </ClInclude>
    <ClInclude Include="src\utilities\System.h">
      <Filter>Header Files\utilities</Filter>
    </ClInclude>
    <ClInclude Include="src\GameObject.h">
      <Filter>Header Files</Filter>
    </ClInclude>
    <ClInclude Include="src\core\Object.h">
      <Filter>Header Files\core</Filter>
    </ClInclude>
    <ClInclude Include="src\Component.h">
      <Filter>Header Files</Filter>
    </ClInclude>
    <ClInclude Include="src\core\Core.h">
      <Filter>Header Files\core</Filter>
    </ClInclude>
    <ClInclude Include="src\Transform.h">
      <Filter>Header Files</Filter>
    </ClInclude>
    <ClInclude Include="src\Scene.h">
      <Filter>Header Files</Filter>
    </ClInclude>
    <ClInclude Include="src\TestScene.h">
      <Filter>Header Files</Filter>
    </ClInclude>
    <ClInclude Include="src\utilities\Timer.h">
      <Filter>Header Files\utilities</Filter>
    </ClInclude>
    <ClInclude Include="src\graphics\Shader.h">
      <Filter>Header Files\graphics</Filter>
    </ClInclude>
    <ClInclude Include="src\graphics\opengl.h">
      <Filter>Header Files\graphics</Filter>
    </ClInclude>
    <ClInclude Include="src\graphics\ShaderUniform.h">
      <Filter>Header Files\graphics</Filter>
    </ClInclude>
    <ClInclude Include="src\utilities\File.h">
      <Filter>Header Files\utilities</Filter>
    </ClInclude>
    <ClInclude Include="src\core\String.h">
      <Filter>Header Files\core</Filter>
    </ClInclude>
    <ClInclude Include="src\graphics\ShaderType.h">
      <Filter>Header Files\graphics</Filter>
    </ClInclude>
    <ClInclude Include="src\graphics\Mesh.h">
      <Filter>Header Files\graphics</Filter>
    </ClInclude>
    <ClInclude Include="VertexBuffer.h">
      <Filter>Header Files</Filter>
    </ClInclude>
    <ClInclude Include="src\graphics\VertexBuffer.h">
      <Filter>Header Files\graphics</Filter>
    </ClInclude>
    <ClInclude Include="src\graphics\VertexArray.h">
      <Filter>Header Files\graphics</Filter>
    </ClInclude>
    <ClInclude Include="src\graphics\IndexBuffer.h">
      <Filter>Header Files\graphics</Filter>
    </ClInclude>
    <ClInclude Include="src\graphics\DrawType.h">
      <Filter>Header Files\graphics</Filter>
    </ClInclude>
    <ClInclude Include="src\graphics\TypeData.h">
      <Filter>Header Files\graphics</Filter>
    </ClInclude>
    <ClInclude Include="src\graphics\Renderer.h">
      <Filter>Header Files\graphics</Filter>
    </ClInclude>
    <ClInclude Include="src\graphics\Material.h">
      <Filter>Header Files\graphics</Filter>
    </ClInclude>
    <ClInclude Include="src\utilities\WavefrontParser.h">
      <Filter>Header Files\utilities</Filter>
    </ClInclude>
    <ClInclude Include="src\utilities\ShaderParser.h">
      <Filter>Header Files\utilities</Filter>
    </ClInclude>
    <ClInclude Include="src\graphics\DefaultRenderer.h">
      <Filter>Header Files\graphics</Filter>
    </ClInclude>
    <ClInclude Include="src\graphics\BaseRenderer.h">
      <Filter>Header Files\graphics</Filter>
    </ClInclude>
    <ClInclude Include="src\graphics\Graphics.h">
      <Filter>Header Files\graphics</Filter>
    </ClInclude>
    <ClInclude Include="src\Resources.h">
      <Filter>Header Files</Filter>
    </ClInclude>
    <ClInclude Include="src\MeshRenderer.h">
      <Filter>Header Files</Filter>
    </ClInclude>
    <ClInclude Include="src\Camera.h">
      <Filter>Header Files</Filter>
    </ClInclude>
    <ClInclude Include="src\graphics\Graphics_Camera.h">
      <Filter>Header Files\graphics</Filter>
    </ClInclude>
    <ClInclude Include="src\CameraMovement.h">
      <Filter>Header Files</Filter>
    </ClInclude>
    <ClInclude Include="src\Engine_Time.h">
      <Filter>Header Files</Filter>
    </ClInclude>
    <ClInclude Include="src\graphics\Texture.h">
      <Filter>Header Files\graphics</Filter>
    </ClInclude>
    <ClInclude Include="src\graphics\Texture2D.h">
      <Filter>Header Files\graphics</Filter>
    </ClInclude>
    <ClInclude Include="src\graphics\TextureCube.h">
      <Filter>Header Files\graphics</Filter>
    </ClInclude>
    <ClInclude Include="src\graphics\TextureTypes.h">
      <Filter>Header Files\graphics</Filter>
    </ClInclude>
    <ClInclude Include="src\utilities\Image.h">
      <Filter>Header Files\utilities</Filter>
    </ClInclude>
    <ClInclude Include="src\Screen.h">
      <Filter>Header Files</Filter>
    </ClInclude>
    <ClInclude Include="src\Light.h">
      <Filter>Header Files</Filter>
    </ClInclude>
    <ClInclude Include="src\graphics\Graphics_Light.h">
      <Filter>Header Files\graphics</Filter>
    </ClInclude>
    <ClInclude Include="src\utilities\MeshProcessor.h">
      <Filter>Header Files\utilities</Filter>
    </ClInclude>
    <ClInclude Include="src\graphics\Skybox.h">
      <Filter>Header Files\graphics</Filter>
    </ClInclude>
  </ItemGroup>
  <ItemGroup>
    <None Include="src\GameObject.inl">
      <Filter>Header Files</Filter>
    </None>
    <None Include="src\core\Core.inl">
      <Filter>Header Files\core</Filter>
    </None>
    <None Include="src\Scene.inl">
      <Filter>Header Files</Filter>
    </None>
    <None Include="src\graphics\Shader.inl">
      <Filter>Header Files\graphics</Filter>
    </None>
    <None Include="src\graphics\Mesh.inl">
      <Filter>Header Files\graphics</Filter>
    </None>
    <None Include="src\graphics\Material.inl">
      <Filter>Header Files\graphics</Filter>
    </None>
    <None Include="src\Resources.inl">
      <Filter>Header Files</Filter>
    </None>
  </ItemGroup>
</Project>