<?xml version="1.0" encoding="utf-8"?>
<Project ToolsVersion="4.0" xmlns="http://schemas.microsoft.com/developer/msbuild/2003">
  <ItemGroup>
    <Filter Include="Source Files">
      <UniqueIdentifier>{4FC737F1-C7A5-4376-A066-2A32D752A2FF}</UniqueIdentifier>
      <Extensions>cpp;c;cc;cxx;def;odl;idl;hpj;bat;asm;asmx</Extensions>
    </Filter>
    <Filter Include="Header Files">
      <UniqueIdentifier>{93995380-89BD-4b04-88EB-625FBE52EBFB}</UniqueIdentifier>
      <Extensions>h;hh;hpp;hxx;hm;inl;inc;xsd</Extensions>
    </Filter>
    <Filter Include="Resource Files">
      <UniqueIdentifier>{67DA6AB6-F800-4c08-8B7A-83BB121AAD01}</UniqueIdentifier>
      <Extensions>rc;ico;cur;bmp;dlg;rc2;rct;bin;rgs;gif;jpg;jpeg;jpe;resx;tiff;tif;png;wav;mfcribbon-ms</Extensions>
    </Filter>
    <Filter Include="Source Files\core">
      <UniqueIdentifier>{682064a2-9b1a-4609-a5c3-65783c35dd3c}</UniqueIdentifier>
    </Filter>
    <Filter Include="Header Files\core">
      <UniqueIdentifier>{7027bd19-1ee3-436a-95cf-0e46108cd7cc}</UniqueIdentifier>
    </Filter>
    <Filter Include="Header Files\debug">
      <UniqueIdentifier>{0dab1bcf-f1d0-4ece-99d8-2a66f61e3525}</UniqueIdentifier>
    </Filter>
    <Filter Include="Source Files\debug">
      <UniqueIdentifier>{b8a25eed-f08f-4ea3-a783-469b6303a769}</UniqueIdentifier>
    </Filter>
    <Filter Include="Header Files\graphics">
      <UniqueIdentifier>{04f62935-f778-4530-bc53-f2902a871ef5}</UniqueIdentifier>
    </Filter>
    <Filter Include="Source Files\graphics">
      <UniqueIdentifier>{adcf8b4b-3560-4be9-9842-556d5b7b5236}</UniqueIdentifier>
    </Filter>
    <Filter Include="Source Files\utilities">
      <UniqueIdentifier>{b512e158-f79c-462a-a558-33921a160708}</UniqueIdentifier>
    </Filter>
    <Filter Include="Header Files\utilities">
      <UniqueIdentifier>{aaa52a35-2f5f-4384-a31b-643c67fa0a35}</UniqueIdentifier>
    </Filter>
  </ItemGroup>
  <ItemGroup>
    <ClCompile Include="src\Main.cpp">
      <Filter>Source Files</Filter>
    </ClCompile>
    <ClCompile Include="src\stdafx.cpp">
      <Filter>Source Files</Filter>
    </ClCompile>
    <ClCompile Include="src\debug\Debug.cpp">
      <Filter>Source Files\debug</Filter>
    </ClCompile>
    <ClCompile Include="src\graphics\Window.cpp">
      <Filter>Source Files\graphics</Filter>
    </ClCompile>
    <ClCompile Include="src\core\glfw.cpp">
      <Filter>Source Files\core</Filter>
    </ClCompile>
    <ClCompile Include="src\Input.cpp">
      <Filter>Source Files</Filter>
    </ClCompile>
    <ClCompile Include="src\KeyCode.cpp">
      <Filter>Source Files</Filter>
    </ClCompile>
    <ClCompile Include="src\Application.cpp">
      <Filter>Source Files</Filter>
    </ClCompile>
    <ClCompile Include="src\utilities\System.cpp">
      <Filter>Source Files\utilities</Filter>
    </ClCompile>
  </ItemGroup>
  <ItemGroup>
    <ClInclude Include="src\stdafx.h">
      <Filter>Header Files</Filter>
    </ClInclude>
    <ClInclude Include="src\core\Context.h">
      <Filter>Header Files\core</Filter>
    </ClInclude>
    <ClInclude Include="src\debug\Debug.h">
      <Filter>Header Files\debug</Filter>
    </ClInclude>
    <ClInclude Include="src\graphics\Window.h">
      <Filter>Header Files\graphics</Filter>
    </ClInclude>
    <ClInclude Include="src\core\Types.h">
      <Filter>Header Files\core</Filter>
    </ClInclude>
    <ClInclude Include="src\core\glfw.h">
      <Filter>Header Files\core</Filter>
    </ClInclude>
    <ClInclude Include="src\Input.h">
      <Filter>Header Files</Filter>
    </ClInclude>
    <ClInclude Include="src\KeyCode.h">
      <Filter>Header Files</Filter>
    </ClInclude>
    <ClInclude Include="src\Application.h">
      <Filter>Header Files</Filter>
    </ClInclude>
    <ClInclude Include="src\utilities\System.h">
      <Filter>Header Files\utilities</Filter>
    </ClInclude>
  </ItemGroup>
</Project>